
Microsoft Visual Studio Solution File, Format Version 12.00
# Visual Studio Version 16
VisualStudioVersion = 16.0.28803.156
MinimumVisualStudioVersion = 10.0.40219.1
Project("{F2A71F9B-5D33-465A-A702-920D77279786}") = "App7", "App7.fsproj", "{6F973FFB-2853-4101-A088-ECD339DFD3A1}"
EndProject
Global
	GlobalSection(SolutionConfigurationPlatforms) = preSolution
		Debug|Any CPU = Debug|Any CPU
		Release|Any CPU = Release|Any CPU
	EndGlobalSection
	GlobalSection(ProjectConfigurationPlatforms) = postSolution
		{6F973FFB-2853-4101-A088-ECD339DFD3A1}.Debug|Any CPU.ActiveCfg = Debug|Any CPU
		{6F973FFB-2853-4101-A088-ECD339DFD3A1}.Debug|Any CPU.Build.0 = Debug|Any CPU
		{6F973FFB-2853-4101-A088-ECD339DFD3A1}.Debug|Any CPU.Deploy.0 = Debug|Any CPU
		{6F973FFB-2853-4101-A088-ECD339DFD3A1}.Release|Any CPU.ActiveCfg = Release|Any CPU
		{6F973FFB-2853-4101-A088-ECD339DFD3A1}.Release|Any CPU.Build.0 = Release|Any CPU
		{6F973FFB-2853-4101-A088-ECD339DFD3A1}.Release|Any CPU.Deploy.0 = Release|Any CPU
	EndGlobalSection
	GlobalSection(SolutionProperties) = preSolution
		HideSolutionNode = FALSE
	EndGlobalSection
	GlobalSection(ExtensibilityGlobals) = postSolution
		SolutionGuid = {50B24CCE-FC1E-40D4-AEB5-7C66B3FB2FE4}
	EndGlobalSection
EndGlobal
